
Microsoft Visual Studio Solution File, Format Version 12.00
# Visual Studio Version 17
VisualStudioVersion = 17.6.33723.286
MinimumVisualStudioVersion = 10.0.40219.1
Project("{9A19103F-16F7-4668-BE54-9A1E7A4F7556}") = "ManejoPresupuesto", "ManejoPresupuesto\ManejoPresupuesto.csproj", "{59D32939-DCCF-4F05-BCE4-3AABB1A8EEB0}"
EndProject
Project("{00D1A9C2-B5F0-4AF3-8072-F6C62B433612}") = "DB", "DB\DB.sqlproj", "{F9343483-F743-4A95-874F-54D0F7B68181}"
EndProject
Global
	GlobalSection(SolutionConfigurationPlatforms) = preSolution
		Debug|Any CPU = Debug|Any CPU
		Release|Any CPU = Release|Any CPU
	EndGlobalSection
	GlobalSection(ProjectConfigurationPlatforms) = postSolution
		{59D32939-DCCF-4F05-BCE4-3AABB1A8EEB0}.Debug|Any CPU.ActiveCfg = Debug|Any CPU
		{59D32939-DCCF-4F05-BCE4-3AABB1A8EEB0}.Debug|Any CPU.Build.0 = Debug|Any CPU
		{59D32939-DCCF-4F05-BCE4-3AABB1A8EEB0}.Release|Any CPU.ActiveCfg = Release|Any CPU
		{59D32939-DCCF-4F05-BCE4-3AABB1A8EEB0}.Release|Any CPU.Build.0 = Release|Any CPU
		{F9343483-F743-4A95-874F-54D0F7B68181}.Debug|Any CPU.ActiveCfg = Debug|Any CPU
		{F9343483-F743-4A95-874F-54D0F7B68181}.Debug|Any CPU.Build.0 = Debug|Any CPU
		{F9343483-F743-4A95-874F-54D0F7B68181}.Debug|Any CPU.Deploy.0 = Debug|Any CPU
		{F9343483-F743-4A95-874F-54D0F7B68181}.Release|Any CPU.ActiveCfg = Release|Any CPU
		{F9343483-F743-4A95-874F-54D0F7B68181}.Release|Any CPU.Build.0 = Release|Any CPU
		{F9343483-F743-4A95-874F-54D0F7B68181}.Release|Any CPU.Deploy.0 = Release|Any CPU
	EndGlobalSection
	GlobalSection(SolutionProperties) = preSolution
		HideSolutionNode = FALSE
	EndGlobalSection
	GlobalSection(ExtensibilityGlobals) = postSolution
		SolutionGuid = {32FF5FAC-351C-4173-A2BF-A2B29FBC4918}
	EndGlobalSection
EndGlobal
